
Microsoft Visual Studio Solution File, Format Version 12.00
Project("{FAE04EC0-301F-11D3-BF4B-00C04F79EFBC}") = "Delivery.API", "Delivery.API\Delivery.API.csproj", "{29621812-CA90-4A17-8CD1-D0A670CA76C9}"
EndProject
Project("{FAE04EC0-301F-11D3-BF4B-00C04F79EFBC}") = "Delivery.API.Domain", "Delivery.API.Domain\Delivery.API.Domain.csproj", "{1D687925-465A-4B8B-9CC6-EEA1E083955F}"
EndProject
Project("{FAE04EC0-301F-11D3-BF4B-00C04F79EFBC}") = "Delivery.API.Application", "Delivery.API.Application\Delivery.API.Application.csproj", "{7DE03AC6-1670-4F76-BE09-3ABC7A62A593}"
EndProject
Project("{FAE04EC0-301F-11D3-BF4B-00C04F79EFBC}") = "Delivery.API.Infrastructure", "Delivery.API.Infrastructure\Delivery.API.Infrastructure.csproj", "{26BFCD67-3328-4795-80EF-4D3672FC2F0B}"
EndProject
Project("{2150E333-8FDC-42A3-9474-1A3956D46DE8}") = "Tests", "Tests", "{F7CC5BB9-6708-4BC6-BF1A-238B32075BB5}"
EndProject
Project("{FAE04EC0-301F-11D3-BF4B-00C04F79EFBC}") = "Delivery.API.Domain.UnitTests", "Delivery.API.Domain.UnitTests\Delivery.API.Domain.UnitTests.csproj", "{02E28A10-BB71-45F3-A5F7-233F87F6F7FA}"
EndProject
Project("{FAE04EC0-301F-11D3-BF4B-00C04F79EFBC}") = "Delivery.API.Application.UnitTests", "Delivery.API.Application.UnitTests\Delivery.API.Application.UnitTests.csproj", "{56D77CBA-C141-467C-B5C5-8A605F2387B9}"
EndProject
Project("{FAE04EC0-301F-11D3-BF4B-00C04F79EFBC}") = "Delivery.API.ComponentTests", "Delivery.API.ComponentTests\Delivery.API.ComponentTests.csproj", "{A87C99F5-4536-4183-8338-E904A3076E2F}"
EndProject
Global
	GlobalSection(SolutionConfigurationPlatforms) = preSolution
		Debug|Any CPU = Debug|Any CPU
		Release|Any CPU = Release|Any CPU
	EndGlobalSection
	GlobalSection(ProjectConfigurationPlatforms) = postSolution
		{29621812-CA90-4A17-8CD1-D0A670CA76C9}.Debug|Any CPU.ActiveCfg = Debug|Any CPU
		{29621812-CA90-4A17-8CD1-D0A670CA76C9}.Debug|Any CPU.Build.0 = Debug|Any CPU
		{29621812-CA90-4A17-8CD1-D0A670CA76C9}.Release|Any CPU.ActiveCfg = Release|Any CPU
		{29621812-CA90-4A17-8CD1-D0A670CA76C9}.Release|Any CPU.Build.0 = Release|Any CPU
		{1D687925-465A-4B8B-9CC6-EEA1E083955F}.Debug|Any CPU.ActiveCfg = Debug|Any CPU
		{1D687925-465A-4B8B-9CC6-EEA1E083955F}.Debug|Any CPU.Build.0 = Debug|Any CPU
		{1D687925-465A-4B8B-9CC6-EEA1E083955F}.Release|Any CPU.ActiveCfg = Release|Any CPU
		{1D687925-465A-4B8B-9CC6-EEA1E083955F}.Release|Any CPU.Build.0 = Release|Any CPU
		{7DE03AC6-1670-4F76-BE09-3ABC7A62A593}.Debug|Any CPU.ActiveCfg = Debug|Any CPU
		{7DE03AC6-1670-4F76-BE09-3ABC7A62A593}.Debug|Any CPU.Build.0 = Debug|Any CPU
		{7DE03AC6-1670-4F76-BE09-3ABC7A62A593}.Release|Any CPU.ActiveCfg = Release|Any CPU
		{7DE03AC6-1670-4F76-BE09-3ABC7A62A593}.Release|Any CPU.Build.0 = Release|Any CPU
		{26BFCD67-3328-4795-80EF-4D3672FC2F0B}.Debug|Any CPU.ActiveCfg = Debug|Any CPU
		{26BFCD67-3328-4795-80EF-4D3672FC2F0B}.Debug|Any CPU.Build.0 = Debug|Any CPU
		{26BFCD67-3328-4795-80EF-4D3672FC2F0B}.Release|Any CPU.ActiveCfg = Release|Any CPU
		{26BFCD67-3328-4795-80EF-4D3672FC2F0B}.Release|Any CPU.Build.0 = Release|Any CPU
		{02E28A10-BB71-45F3-A5F7-233F87F6F7FA}.Debug|Any CPU.ActiveCfg = Debug|Any CPU
		{02E28A10-BB71-45F3-A5F7-233F87F6F7FA}.Debug|Any CPU.Build.0 = Debug|Any CPU
		{02E28A10-BB71-45F3-A5F7-233F87F6F7FA}.Release|Any CPU.ActiveCfg = Release|Any CPU
		{02E28A10-BB71-45F3-A5F7-233F87F6F7FA}.Release|Any CPU.Build.0 = Release|Any CPU
		{56D77CBA-C141-467C-B5C5-8A605F2387B9}.Debug|Any CPU.ActiveCfg = Debug|Any CPU
		{56D77CBA-C141-467C-B5C5-8A605F2387B9}.Debug|Any CPU.Build.0 = Debug|Any CPU
		{56D77CBA-C141-467C-B5C5-8A605F2387B9}.Release|Any CPU.ActiveCfg = Release|Any CPU
		{56D77CBA-C141-467C-B5C5-8A605F2387B9}.Release|Any CPU.Build.0 = Release|Any CPU
		{A87C99F5-4536-4183-8338-E904A3076E2F}.Debug|Any CPU.ActiveCfg = Debug|Any CPU
		{A87C99F5-4536-4183-8338-E904A3076E2F}.Debug|Any CPU.Build.0 = Debug|Any CPU
		{A87C99F5-4536-4183-8338-E904A3076E2F}.Release|Any CPU.ActiveCfg = Release|Any CPU
		{A87C99F5-4536-4183-8338-E904A3076E2F}.Release|Any CPU.Build.0 = Release|Any CPU
	EndGlobalSection
	GlobalSection(NestedProjects) = preSolution
		{02E28A10-BB71-45F3-A5F7-233F87F6F7FA} = {F7CC5BB9-6708-4BC6-BF1A-238B32075BB5}
		{56D77CBA-C141-467C-B5C5-8A605F2387B9} = {F7CC5BB9-6708-4BC6-BF1A-238B32075BB5}
		{A87C99F5-4536-4183-8338-E904A3076E2F} = {F7CC5BB9-6708-4BC6-BF1A-238B32075BB5}
	EndGlobalSection
EndGlobal
